
Microsoft Visual Studio Solution File, Format Version 12.00
# Visual Studio Version 16
VisualStudioVersion = 16.0.31321.278
MinimumVisualStudioVersion = 10.0.40219.1
Project("{9A19103F-16F7-4668-BE54-9A1E7A4F7556}") = "PartOne", "PartOne\PartOne.csproj", "{269F18E8-583B-456B-A52E-29DFF2D0F0E1}"
EndProject
Project("{9A19103F-16F7-4668-BE54-9A1E7A4F7556}") = "PartTwo", "PartTwo\PartTwo.csproj", "{9F1EB201-4075-4EA0-97D1-EB3D933FCC3D}"
EndProject
Project("{9A19103F-16F7-4668-BE54-9A1E7A4F7556}") = "PartThree", "PartThree\PartThree.csproj", "{75619B8E-1B1D-4211-B5E1-068E8C8F0BE4}"
EndProject
Global
	GlobalSection(SolutionConfigurationPlatforms) = preSolution
		Debug|Any CPU = Debug|Any CPU
		Release|Any CPU = Release|Any CPU
	EndGlobalSection
	GlobalSection(ProjectConfigurationPlatforms) = postSolution
		{269F18E8-583B-456B-A52E-29DFF2D0F0E1}.Debug|Any CPU.ActiveCfg = Debug|Any CPU
		{269F18E8-583B-456B-A52E-29DFF2D0F0E1}.Debug|Any CPU.Build.0 = Debug|Any CPU
		{269F18E8-583B-456B-A52E-29DFF2D0F0E1}.Release|Any CPU.ActiveCfg = Release|Any CPU
		{269F18E8-583B-456B-A52E-29DFF2D0F0E1}.Release|Any CPU.Build.0 = Release|Any CPU
		{9F1EB201-4075-4EA0-97D1-EB3D933FCC3D}.Debug|Any CPU.ActiveCfg = Debug|Any CPU
		{9F1EB201-4075-4EA0-97D1-EB3D933FCC3D}.Debug|Any CPU.Build.0 = Debug|Any CPU
		{9F1EB201-4075-4EA0-97D1-EB3D933FCC3D}.Release|Any CPU.ActiveCfg = Release|Any CPU
		{9F1EB201-4075-4EA0-97D1-EB3D933FCC3D}.Release|Any CPU.Build.0 = Release|Any CPU
		{75619B8E-1B1D-4211-B5E1-068E8C8F0BE4}.Debug|Any CPU.ActiveCfg = Debug|Any CPU
		{75619B8E-1B1D-4211-B5E1-068E8C8F0BE4}.Debug|Any CPU.Build.0 = Debug|Any CPU
		{75619B8E-1B1D-4211-B5E1-068E8C8F0BE4}.Release|Any CPU.ActiveCfg = Release|Any CPU
		{75619B8E-1B1D-4211-B5E1-068E8C8F0BE4}.Release|Any CPU.Build.0 = Release|Any CPU
	EndGlobalSection
	GlobalSection(SolutionProperties) = preSolution
		HideSolutionNode = FALSE
	EndGlobalSection
	GlobalSection(ExtensibilityGlobals) = postSolution
		SolutionGuid = {301CA5BB-5325-45D3-859C-E70B7B268A73}
	EndGlobalSection
EndGlobal
